
Microsoft Visual Studio Solution File, Format Version 12.00
# Visual Studio Version 16
VisualStudioVersion = 16.0.30320.27
MinimumVisualStudioVersion = 10.0.40219.1
Project("{9A19103F-16F7-4668-BE54-9A1E7A4F7556}") = "Dupples_finder_UI", "Dupples_finder_UI\Dupples_finder_UI.csproj", "{4D3021F4-00E7-48CE-97EF-685911CDDDC2}"
EndProject
Project("{FAE04EC0-301F-11D3-BF4B-00C04F79EFBC}") = "Dupless_finder_Tests", "Dupless_finder_Tests\Dupless_finder_Tests.csproj", "{243BD393-9DF0-493A-A9FA-CB30DD7F5A3D}"
EndProject
Project("{FAE04EC0-301F-11D3-BF4B-00C04F79EFBC}") = "DuplessFinder.Web", "DuplessFinder.Web\DuplessFinder.Web.csproj", "{80C8A09A-0AE1-414C-8D0E-7C2D7CA46E5D}"
EndProject
Global
	GlobalSection(SolutionConfigurationPlatforms) = preSolution
		Debug|Any CPU = Debug|Any CPU
		Debug|x64 = Debug|x64
		Debug|x86 = Debug|x86
		Release|Any CPU = Release|Any CPU
		Release|x64 = Release|x64
		Release|x86 = Release|x86
	EndGlobalSection
	GlobalSection(ProjectConfigurationPlatforms) = postSolution
		{4D3021F4-00E7-48CE-97EF-685911CDDDC2}.Debug|Any CPU.ActiveCfg = Debug|Any CPU
		{4D3021F4-00E7-48CE-97EF-685911CDDDC2}.Debug|Any CPU.Build.0 = Debug|Any CPU
		{4D3021F4-00E7-48CE-97EF-685911CDDDC2}.Debug|x64.ActiveCfg = Debug|x64
		{4D3021F4-00E7-48CE-97EF-685911CDDDC2}.Debug|x64.Build.0 = Debug|x64
		{4D3021F4-00E7-48CE-97EF-685911CDDDC2}.Debug|x86.ActiveCfg = Debug|Any CPU
		{4D3021F4-00E7-48CE-97EF-685911CDDDC2}.Debug|x86.Build.0 = Debug|Any CPU
		{4D3021F4-00E7-48CE-97EF-685911CDDDC2}.Release|Any CPU.ActiveCfg = Release|Any CPU
		{4D3021F4-00E7-48CE-97EF-685911CDDDC2}.Release|Any CPU.Build.0 = Release|Any CPU
		{4D3021F4-00E7-48CE-97EF-685911CDDDC2}.Release|x64.ActiveCfg = Release|x64
		{4D3021F4-00E7-48CE-97EF-685911CDDDC2}.Release|x64.Build.0 = Release|x64
		{4D3021F4-00E7-48CE-97EF-685911CDDDC2}.Release|x86.ActiveCfg = Release|Any CPU
		{4D3021F4-00E7-48CE-97EF-685911CDDDC2}.Release|x86.Build.0 = Release|Any CPU
		{243BD393-9DF0-493A-A9FA-CB30DD7F5A3D}.Debug|Any CPU.ActiveCfg = Debug|Any CPU
		{243BD393-9DF0-493A-A9FA-CB30DD7F5A3D}.Debug|Any CPU.Build.0 = Debug|Any CPU
		{243BD393-9DF0-493A-A9FA-CB30DD7F5A3D}.Debug|x64.ActiveCfg = Debug|Any CPU
		{243BD393-9DF0-493A-A9FA-CB30DD7F5A3D}.Debug|x64.Build.0 = Debug|Any CPU
		{243BD393-9DF0-493A-A9FA-CB30DD7F5A3D}.Debug|x86.ActiveCfg = Debug|Any CPU
		{243BD393-9DF0-493A-A9FA-CB30DD7F5A3D}.Debug|x86.Build.0 = Debug|Any CPU
		{243BD393-9DF0-493A-A9FA-CB30DD7F5A3D}.Release|Any CPU.ActiveCfg = Release|Any CPU
		{243BD393-9DF0-493A-A9FA-CB30DD7F5A3D}.Release|Any CPU.Build.0 = Release|Any CPU
		{243BD393-9DF0-493A-A9FA-CB30DD7F5A3D}.Release|x64.ActiveCfg = Release|Any CPU
		{243BD393-9DF0-493A-A9FA-CB30DD7F5A3D}.Release|x64.Build.0 = Release|Any CPU
		{243BD393-9DF0-493A-A9FA-CB30DD7F5A3D}.Release|x86.ActiveCfg = Release|Any CPU
		{243BD393-9DF0-493A-A9FA-CB30DD7F5A3D}.Release|x86.Build.0 = Release|Any CPU
		{80C8A09A-0AE1-414C-8D0E-7C2D7CA46E5D}.Debug|Any CPU.ActiveCfg = Debug|Any CPU
		{80C8A09A-0AE1-414C-8D0E-7C2D7CA46E5D}.Debug|Any CPU.Build.0 = Debug|Any CPU
		{80C8A09A-0AE1-414C-8D0E-7C2D7CA46E5D}.Debug|x64.ActiveCfg = Debug|Any CPU
		{80C8A09A-0AE1-414C-8D0E-7C2D7CA46E5D}.Debug|x64.Build.0 = Debug|Any CPU
		{80C8A09A-0AE1-414C-8D0E-7C2D7CA46E5D}.Debug|x86.ActiveCfg = Debug|Any CPU
		{80C8A09A-0AE1-414C-8D0E-7C2D7CA46E5D}.Debug|x86.Build.0 = Debug|Any CPU
		{80C8A09A-0AE1-414C-8D0E-7C2D7CA46E5D}.Release|Any CPU.ActiveCfg = Release|Any CPU
		{80C8A09A-0AE1-414C-8D0E-7C2D7CA46E5D}.Release|Any CPU.Build.0 = Release|Any CPU
		{80C8A09A-0AE1-414C-8D0E-7C2D7CA46E5D}.Release|x64.ActiveCfg = Release|Any CPU
		{80C8A09A-0AE1-414C-8D0E-7C2D7CA46E5D}.Release|x64.Build.0 = Release|Any CPU
		{80C8A09A-0AE1-414C-8D0E-7C2D7CA46E5D}.Release|x86.ActiveCfg = Release|Any CPU
		{80C8A09A-0AE1-414C-8D0E-7C2D7CA46E5D}.Release|x86.Build.0 = Release|Any CPU
	EndGlobalSection
	GlobalSection(SolutionProperties) = preSolution
		HideSolutionNode = FALSE
	EndGlobalSection
	GlobalSection(ExtensibilityGlobals) = postSolution
		SolutionGuid = {ADD75F68-2CCA-4D36-9497-8A4860ACF5BC}
	EndGlobalSection
EndGlobal
